
Microsoft Visual Studio Solution File, Format Version 12.00
# Visual Studio 15
VisualStudioVersion = 15.0.27130.2027
MinimumVisualStudioVersion = 10.0.40219.1
Project("{FAE04EC0-301F-11D3-BF4B-00C04F79EFBC}") = "CRUD+", "CRUD+\CRUD+.csproj", "{A8EE06A7-D5C1-448E-8FD0-638CDDF55B4A}"
EndProject
Global
	GlobalSection(SolutionConfigurationPlatforms) = preSolution
		Debug|Any CPU = Debug|Any CPU
		Release|Any CPU = Release|Any CPU
	EndGlobalSection
	GlobalSection(ProjectConfigurationPlatforms) = postSolution
		{A8EE06A7-D5C1-448E-8FD0-638CDDF55B4A}.Debug|Any CPU.ActiveCfg = Debug|Any CPU
		{A8EE06A7-D5C1-448E-8FD0-638CDDF55B4A}.Debug|Any CPU.Build.0 = Debug|Any CPU
		{A8EE06A7-D5C1-448E-8FD0-638CDDF55B4A}.Release|Any CPU.ActiveCfg = Release|Any CPU
		{A8EE06A7-D5C1-448E-8FD0-638CDDF55B4A}.Release|Any CPU.Build.0 = Release|Any CPU
	EndGlobalSection
	GlobalSection(SolutionProperties) = preSolution
		HideSolutionNode = FALSE
	EndGlobalSection
	GlobalSection(ExtensibilityGlobals) = postSolution
		SolutionGuid = {876C7EA8-5E98-444F-BBC0-6DA82069E3FD}
	EndGlobalSection
EndGlobal
